PODS:
  - YandexMobileMetrica (4.5.2):
    - YandexMobileMetrica/Static (= 4.5.2)
  - YandexMobileMetrica/Static (4.5.2):
    - YandexMobileMetrica/Static/Core (= 4.5.2)
    - YandexMobileMetrica/Static/Crashes (= 4.5.2)
  - YandexMobileMetrica/Static/Core (4.5.2)
  - YandexMobileMetrica/Static/Crashes (4.5.2):
    - YandexMobileMetrica/Static/Core

DEPENDENCIES:
  - YandexMobileMetrica

SPEC REPOS:
  trunk:
    - YandexMobileMetrica

SPEC CHECKSUMS:
  YandexMobileMetrica: f5368ee93f286c793d73b58da00929babfc897c1

PODFILE CHECKSUM: ea597022fd801147ef3800a8ad8cb6ae2d09e050

COCOAPODS: 1.16.2
