// !$*UTF8*$!
{
	archiveVersion = 1;
	classes = {
	};
	objectVersion = 56;
	objects = {

/* Begin PBXBuildFile section */
		013C22442CC9D0E40047EF9B /* GeometricParams.swift in Sources */ = {isa = PBXBuildFile; fileRef = 013C22432CC9D0E40047EF9B /* GeometricParams.swift */; };
		013C22462CC9D5730047EF9B /* TrackersCell.swift in Sources */ = {isa = PBXBuildFile; fileRef = 013C22452CC9D5720047EF9B /* TrackersCell.swift */; };
		013C22482CD056390047EF9B /* TrackerCategoryHeader.swift in Sources */ = {isa = PBXBuildFile; fileRef = 013C22472CD056390047EF9B /* TrackerCategoryHeader.swift */; };
		013C224A2CD05FC90047EF9B /* AddTrackerViewController.swift in Sources */ = {isa = PBXBuildFile; fileRef = 013C22492CD05FC90047EF9B /* AddTrackerViewController.swift */; };
		013C224D2CD10C6A0047EF9B /* NewTrackerVC.swift in Sources */ = {isa = PBXBuildFile; fileRef = 013C224C2CD10C6A0047EF9B /* NewTrackerVC.swift */; };
		013C22502CD141C10047EF9B /* ScheduleViewController.swift in Sources */ = {isa = PBXBuildFile; fileRef = 013C224F2CD141C10047EF9B /* ScheduleViewController.swift */; };
		013C22522CD15EB70047EF9B /* ActionButton.swift in Sources */ = {isa = PBXBuildFile; fileRef = 013C22512CD15EB70047EF9B /* ActionButton.swift */; };
		013C22562CD175EB0047EF9B /* ScheduleCell.swift in Sources */ = {isa = PBXBuildFile; fileRef = 013C22552CD175EB0047EF9B /* ScheduleCell.swift */; };
		013C22582CD189B10047EF9B /* ApplyCornerRadius.swift in Sources */ = {isa = PBXBuildFile; fileRef = 013C22572CD189B10047EF9B /* ApplyCornerRadius.swift */; };
		013C225A2CD18CDC0047EF9B /* AddSeparator.swift in Sources */ = {isa = PBXBuildFile; fileRef = 013C22592CD18CDC0047EF9B /* AddSeparator.swift */; };
		013C225D2CD18EB60047EF9B /* TextCell.swift in Sources */ = {isa = PBXBuildFile; fileRef = 013C225C2CD18EB60047EF9B /* TextCell.swift */; };
		013C225F2CD18ECA0047EF9B /* LinkCell.swift in Sources */ = {isa = PBXBuildFile; fileRef = 013C225E2CD18ECA0047EF9B /* LinkCell.swift */; };
		0144C5332CDD05DE00C97E72 /* Model.xcdatamodeld in Sources */ = {isa = PBXBuildFile; fileRef = 0144C5312CDD05DE00C97E72 /* Model.xcdatamodeld */; };
		0144C5362CDD062F00C97E72 /* CoreDataManager.swift in Sources */ = {isa = PBXBuildFile; fileRef = 0144C5352CDD062F00C97E72 /* CoreDataManager.swift */; };
		014C73322CAF66F2007DC80C /* TrackersViewController.swift in Sources */ = {isa = PBXBuildFile; fileRef = 014C73312CAF66F2007DC80C /* TrackersViewController.swift */; };
		014C73342CAF6716007DC80C /* StatisticsViewController.swift in Sources */ = {isa = PBXBuildFile; fileRef = 014C73332CAF6716007DC80C /* StatisticsViewController.swift */; };
		014C73362CAF6869007DC80C /* TabBarController.swift in Sources */ = {isa = PBXBuildFile; fileRef = 014C73352CAF6869007DC80C /* TabBarController.swift */; };
		0155AD632CE665B800E3D259 /* TrackerCategoryStore.swift in Sources */ = {isa = PBXBuildFile; fileRef = 0155AD622CE665B800E3D259 /* TrackerCategoryStore.swift */; };
		0155AD652CE665CB00E3D259 /* TrackerStore.swift in Sources */ = {isa = PBXBuildFile; fileRef = 0155AD642CE665CB00E3D259 /* TrackerStore.swift */; };
		0155AD672CE665DB00E3D259 /* TrackerRecordStore.swift in Sources */ = {isa = PBXBuildFile; fileRef = 0155AD662CE665DB00E3D259 /* TrackerRecordStore.swift */; };
		0155AD692CE6666D00E3D259 /* UIColorMarshalling.swift in Sources */ = {isa = PBXBuildFile; fileRef = 0155AD682CE6666D00E3D259 /* UIColorMarshalling.swift */; };
		0155AD6B2CE7F66600E3D259 /* WeekdayConverter.swift in Sources */ = {isa = PBXBuildFile; fileRef = 0155AD6A2CE7F66600E3D259 /* WeekdayConverter.swift */; };
		015A82342CBF226400A6B822 /* Tracker.swift in Sources */ = {isa = PBXBuildFile; fileRef = 015A82332CBF226400A6B822 /* Tracker.swift */; };
		015A82372CBF227F00A6B822 /* TrackerCategory.swift in Sources */ = {isa = PBXBuildFile; fileRef = 015A82362CBF227F00A6B822 /* TrackerCategory.swift */; };
		015A82392CBF229300A6B822 /* TrackerRecord.swift in Sources */ = {isa = PBXBuildFile; fileRef = 015A82382CBF229300A6B822 /* TrackerRecord.swift */; };
		015A823C2CBF23EE00A6B822 /* Weekday.swift in Sources */ = {isa = PBXBuildFile; fileRef = 015A823B2CBF23EE00A6B822 /* Weekday.swift */; };
		016731992CDA69AC009E040A /* ColorCell.swift in Sources */ = {isa = PBXBuildFile; fileRef = 016731982CDA69AC009E040A /* ColorCell.swift */; };
		0167319B2CDACDC6009E040A /* EmojiCell.swift in Sources */ = {isa = PBXBuildFile; fileRef = 0167319A2CDACDC6009E040A /* EmojiCell.swift */; };
		0167319D2CDACE98009E040A /* ProtocolSelectableCell.swift in Sources */ = {isa = PBXBuildFile; fileRef = 0167319C2CDACE98009E040A /* ProtocolSelectableCell.swift */; };
		0167319F2CDAD8A7009E040A /* SectionHeader.swift in Sources */ = {isa = PBXBuildFile; fileRef = 0167319E2CDAD8A7009E040A /* SectionHeader.swift */; };
		01A840402CBD16C100F45ACC /* EmptyStateView.swift in Sources */ = {isa = PBXBuildFile; fileRef = 01A8403F2CBD16C100F45ACC /* EmptyStateView.swift */; };
		01C0F8FE2CEA328000020CA1 /* DateConverter.swift in Sources */ = {isa = PBXBuildFile; fileRef = 01C0F8FD2CEA328000020CA1 /* DateConverter.swift */; };
		01CB9C742CAF522B00BD647A /* AppDelegate.swift in Sources */ = {isa = PBXBuildFile; fileRef = 01CB9C732CAF522B00BD647A /* AppDelegate.swift */; };
		01CB9C762CAF522B00BD647A /* SceneDelegate.swift in Sources */ = {isa = PBXBuildFile; fileRef = 01CB9C752CAF522B00BD647A /* SceneDelegate.swift */; };
		01CB9C7D2CAF522C00BD647A /* Assets.xcassets in Resources */ = {isa = PBXBuildFile; fileRef = 01CB9C7C2CAF522C00BD647A /* Assets.xcassets */; };
		01CB9C802CAF522C00BD647A /* Base in Resources */ = {isa = PBXBuildFile; fileRef = 01CB9C7F2CAF522C00BD647A /* Base */; };
/* End PBXBuildFile section */

/* Begin PBXFileReference section */
		013C22432CC9D0E40047EF9B /* GeometricParams.swift */ = {isa = PBXFileReference; lastKnownFileType = sourcecode.swift; path = GeometricParams.swift; sourceTree = "<group>"; };
		013C22452CC9D5720047EF9B /* TrackersCell.swift */ = {isa = PBXFileReference; lastKnownFileType = sourcecode.swift; path = TrackersCell.swift; sourceTree = "<group>"; };
		013C22472CD056390047EF9B /* TrackerCategoryHeader.swift */ = {isa = PBXFileReference; lastKnownFileType = sourcecode.swift; path = TrackerCategoryHeader.swift; sourceTree = "<group>"; };
		013C22492CD05FC90047EF9B /* AddTrackerViewController.swift */ = {isa = PBXFileReference; lastKnownFileType = sourcecode.swift; path = AddTrackerViewController.swift; sourceTree = "<group>"; };
		013C224C2CD10C6A0047EF9B /* NewTrackerVC.swift */ = {isa = PBXFileReference; lastKnownFileType = sourcecode.swift; path = NewTrackerVC.swift; sourceTree = "<group>"; };
		013C224F2CD141C10047EF9B /* ScheduleViewController.swift */ = {isa = PBXFileReference; lastKnownFileType = sourcecode.swift; path = ScheduleViewController.swift; sourceTree = "<group>"; };
		013C22512CD15EB70047EF9B /* ActionButton.swift */ = {isa = PBXFileReference; lastKnownFileType = sourcecode.swift; path = ActionButton.swift; sourceTree = "<group>"; };
		013C22552CD175EB0047EF9B /* ScheduleCell.swift */ = {isa = PBXFileReference; lastKnownFileType = sourcecode.swift; path = ScheduleCell.swift; sourceTree = "<group>"; };
		013C22572CD189B10047EF9B /* ApplyCornerRadius.swift */ = {isa = PBXFileReference; lastKnownFileType = sourcecode.swift; path = ApplyCornerRadius.swift; sourceTree = "<group>"; };
		013C22592CD18CDC0047EF9B /* AddSeparator.swift */ = {isa = PBXFileReference; lastKnownFileType = sourcecode.swift; path = AddSeparator.swift; sourceTree = "<group>"; };
		013C225C2CD18EB60047EF9B /* TextCell.swift */ = {isa = PBXFileReference; lastKnownFileType = sourcecode.swift; path = TextCell.swift; sourceTree = "<group>"; };
		013C225E2CD18ECA0047EF9B /* LinkCell.swift */ = {isa = PBXFileReference; lastKnownFileType = sourcecode.swift; path = LinkCell.swift; sourceTree = "<group>"; };
		0144C5322CDD05DE00C97E72 /* Model.xcdatamodel */ = {isa = PBXFileReference; lastKnownFileType = wrapper.xcdatamodel; path = Model.xcdatamodel; sourceTree = "<group>"; };
		0144C5352CDD062F00C97E72 /* CoreDataManager.swift */ = {isa = PBXFileReference; lastKnownFileType = sourcecode.swift; path = CoreDataManager.swift; sourceTree = "<group>"; };
		014C73312CAF66F2007DC80C /* TrackersViewController.swift */ = {isa = PBXFileReference; lastKnownFileType = sourcecode.swift; path = TrackersViewController.swift; sourceTree = "<group>"; };
		014C73332CAF6716007DC80C /* StatisticsViewController.swift */ = {isa = PBXFileReference; lastKnownFileType = sourcecode.swift; path = StatisticsViewController.swift; sourceTree = "<group>"; };
		014C73352CAF6869007DC80C /* TabBarController.swift */ = {isa = PBXFileReference; lastKnownFileType = sourcecode.swift; path = TabBarController.swift; sourceTree = "<group>"; };
		0155AD622CE665B800E3D259 /* TrackerCategoryStore.swift */ = {isa = PBXFileReference; lastKnownFileType = sourcecode.swift; path = TrackerCategoryStore.swift; sourceTree = "<group>"; };
		0155AD642CE665CB00E3D259 /* TrackerStore.swift */ = {isa = PBXFileReference; lastKnownFileType = sourcecode.swift; path = TrackerStore.swift; sourceTree = "<group>"; };
		0155AD662CE665DB00E3D259 /* TrackerRecordStore.swift */ = {isa = PBXFileReference; lastKnownFileType = sourcecode.swift; path = TrackerRecordStore.swift; sourceTree = "<group>"; };
		0155AD682CE6666D00E3D259 /* UIColorMarshalling.swift */ = {isa = PBXFileReference; lastKnownFileType = sourcecode.swift; path = UIColorMarshalling.swift; sourceTree = "<group>"; };
		0155AD6A2CE7F66600E3D259 /* WeekdayConverter.swift */ = {isa = PBXFileReference; lastKnownFileType = sourcecode.swift; path = WeekdayConverter.swift; sourceTree = "<group>"; };
		015A82332CBF226400A6B822 /* Tracker.swift */ = {isa = PBXFileReference; lastKnownFileType = sourcecode.swift; path = Tracker.swift; sourceTree = "<group>"; };
		015A82362CBF227F00A6B822 /* TrackerCategory.swift */ = {isa = PBXFileReference; lastKnownFileType = sourcecode.swift; path = TrackerCategory.swift; sourceTree = "<group>"; };
		015A82382CBF229300A6B822 /* TrackerRecord.swift */ = {isa = PBXFileReference; lastKnownFileType = sourcecode.swift; path = TrackerRecord.swift; sourceTree = "<group>"; };
		015A823B2CBF23EE00A6B822 /* Weekday.swift */ = {isa = PBXFileReference; lastKnownFileType = sourcecode.swift; path = Weekday.swift; sourceTree = "<group>"; };
		016731982CDA69AC009E040A /* ColorCell.swift */ = {isa = PBXFileReference; lastKnownFileType = sourcecode.swift; path = ColorCell.swift; sourceTree = "<group>"; };
		0167319A2CDACDC6009E040A /* EmojiCell.swift */ = {isa = PBXFileReference; lastKnownFileType = sourcecode.swift; path = EmojiCell.swift; sourceTree = "<group>"; };
		0167319C2CDACE98009E040A /* ProtocolSelectableCell.swift */ = {isa = PBXFileReference; lastKnownFileType = sourcecode.swift; path = ProtocolSelectableCell.swift; sourceTree = "<group>"; };
		0167319E2CDAD8A7009E040A /* SectionHeader.swift */ = {isa = PBXFileReference; lastKnownFileType = sourcecode.swift; path = SectionHeader.swift; sourceTree = "<group>"; };
		01A8403F2CBD16C100F45ACC /* EmptyStateView.swift */ = {isa = PBXFileReference; lastKnownFileType = sourcecode.swift; path = EmptyStateView.swift; sourceTree = "<group>"; };
		01C0F8FD2CEA328000020CA1 /* DateConverter.swift */ = {isa = PBXFileReference; lastKnownFileType = sourcecode.swift; path = DateConverter.swift; sourceTree = "<group>"; };
		01CB9C702CAF522B00BD647A /* Tracker.app */ = {isa = PBXFileReference; explicitFileType = wrapper.application; includeInIndex = 0; path = Tracker.app; sourceTree = BUILT_PRODUCTS_DIR; };
		01CB9C732CAF522B00BD647A /* AppDelegate.swift */ = {isa = PBXFileReference; lastKnownFileType = sourcecode.swift; path = AppDelegate.swift; sourceTree = "<group>"; };
		01CB9C752CAF522B00BD647A /* SceneDelegate.swift */ = {isa = PBXFileReference; lastKnownFileType = sourcecode.swift; path = SceneDelegate.swift; sourceTree = "<group>"; };
		01CB9C7C2CAF522C00BD647A /* Assets.xcassets */ = {isa = PBXFileReference; lastKnownFileType = folder.assetcatalog; path = Assets.xcassets; sourceTree = "<group>"; };
		01CB9C7F2CAF522C00BD647A /* Base */ = {isa = PBXFileReference; lastKnownFileType = file.storyboard; name = Base; path = Base.lproj/LaunchScreen.storyboard; sourceTree = "<group>"; };
		01CB9C812CAF522C00BD647A /* Info.plist */ = {isa = PBXFileReference; lastKnownFileType = text.plist.xml; path = Info.plist; sourceTree = "<group>"; };
/* End PBXFileReference section */

/* Begin PBXFrameworksBuildPhase section */
		01CB9C6D2CAF522B00BD647A /* Frameworks */ = {
			isa = PBXFrameworksBuildPhase;
			buildActionMask = 2147483647;
			files = (
			);
			runOnlyForDeploymentPostprocessing = 0;
		};
/* End PBXFrameworksBuildPhase section */

/* Begin PBXGroup section */
		013C224B2CD0FF0A0047EF9B /* New Tracker */ = {
			isa = PBXGroup;
			children = (
				013C22492CD05FC90047EF9B /* AddTrackerViewController.swift */,
				013C224C2CD10C6A0047EF9B /* NewTrackerVC.swift */,
				0167319E2CDAD8A7009E040A /* SectionHeader.swift */,
				013C225B2CD18E9F0047EF9B /* Cells */,
			);
			path = "New Tracker";
			sourceTree = "<group>";
		};
		013C224E2CD1417E0047EF9B /* Schedule */ = {
			isa = PBXGroup;
			children = (
				013C224F2CD141C10047EF9B /* ScheduleViewController.swift */,
				013C22552CD175EB0047EF9B /* ScheduleCell.swift */,
			);
			path = Schedule;
			sourceTree = "<group>";
		};
		013C225B2CD18E9F0047EF9B /* Cells */ = {
			isa = PBXGroup;
			children = (
				0167319A2CDACDC6009E040A /* EmojiCell.swift */,
				013C225C2CD18EB60047EF9B /* TextCell.swift */,
				013C225E2CD18ECA0047EF9B /* LinkCell.swift */,
				016731982CDA69AC009E040A /* ColorCell.swift */,
			);
			path = Cells;
			sourceTree = "<group>";
		};
		0144C5342CDD05E500C97E72 /* CoreData */ = {
			isa = PBXGroup;
			children = (
				0144C5312CDD05DE00C97E72 /* Model.xcdatamodeld */,
				0144C5352CDD062F00C97E72 /* CoreDataManager.swift */,
				0155AD642CE665CB00E3D259 /* TrackerStore.swift */,
				0155AD622CE665B800E3D259 /* TrackerCategoryStore.swift */,
				0155AD662CE665DB00E3D259 /* TrackerRecordStore.swift */,
			);
			path = CoreData;
			sourceTree = "<group>";
		};
		014C732F2CAF6662007DC80C /* Statistics */ = {
			isa = PBXGroup;
			children = (
				014C73332CAF6716007DC80C /* StatisticsViewController.swift */,
			);
			path = Statistics;
			sourceTree = "<group>";
		};
		014C73302CAF668A007DC80C /* Trackers */ = {
			isa = PBXGroup;
			children = (
				013C224B2CD0FF0A0047EF9B /* New Tracker */,
				015A82322CBF223E00A6B822 /* Models */,
				014C73312CAF66F2007DC80C /* TrackersViewController.swift */,
				013C22452CC9D5720047EF9B /* TrackersCell.swift */,
				013C22472CD056390047EF9B /* TrackerCategoryHeader.swift */,
				01A8403F2CBD16C100F45ACC /* EmptyStateView.swift */,
			);
			path = Trackers;
			sourceTree = "<group>";
		};
		015A82322CBF223E00A6B822 /* Models */ = {
			isa = PBXGroup;
			children = (
				015A82332CBF226400A6B822 /* Tracker.swift */,
				015A82362CBF227F00A6B822 /* TrackerCategory.swift */,
				015A82382CBF229300A6B822 /* TrackerRecord.swift */,
			);
			path = Models;
			sourceTree = "<group>";
		};
		015A823A2CBF239F00A6B822 /* Helpers */ = {
			isa = PBXGroup;
			children = (
				015A823B2CBF23EE00A6B822 /* Weekday.swift */,
				0155AD6A2CE7F66600E3D259 /* WeekdayConverter.swift */,
				01C0F8FD2CEA328000020CA1 /* DateConverter.swift */,
				0167319C2CDACE98009E040A /* ProtocolSelectableCell.swift */,
				013C22432CC9D0E40047EF9B /* GeometricParams.swift */,
				013C22512CD15EB70047EF9B /* ActionButton.swift */,
				013C22592CD18CDC0047EF9B /* AddSeparator.swift */,
				013C22572CD189B10047EF9B /* ApplyCornerRadius.swift */,
				0155AD682CE6666D00E3D259 /* UIColorMarshalling.swift */,
			);
			path = Helpers;
			sourceTree = "<group>";
		};
		01CB9C672CAF522B00BD647A = {
			isa = PBXGroup;
			children = (
				01CB9C722CAF522B00BD647A /* Tracker */,
				01CB9C712CAF522B00BD647A /* Products */,
			);
			sourceTree = "<group>";
		};
		01CB9C712CAF522B00BD647A /* Products */ = {
			isa = PBXGroup;
			children = (
				01CB9C702CAF522B00BD647A /* Tracker.app */,
			);
			name = Products;
			sourceTree = "<group>";
		};
		01CB9C722CAF522B00BD647A /* Tracker */ = {
			isa = PBXGroup;
			children = (
				01CB9C732CAF522B00BD647A /* AppDelegate.swift */,
				01CB9C752CAF522B00BD647A /* SceneDelegate.swift */,
				015A823A2CBF239F00A6B822 /* Helpers */,
				014C732F2CAF6662007DC80C /* Statistics */,
				013C224E2CD1417E0047EF9B /* Schedule */,
				014C73302CAF668A007DC80C /* Trackers */,
				01CB9C872CAF644F00BD647A /* TabBar */,
				0144C5342CDD05E500C97E72 /* CoreData */,
				01CB9C7C2CAF522C00BD647A /* Assets.xcassets */,
				01CB9C7E2CAF522C00BD647A /* LaunchScreen.storyboard */,
				01CB9C812CAF522C00BD647A /* Info.plist */,
			);
			path = Tracker;
			sourceTree = "<group>";
		};
		01CB9C872CAF644F00BD647A /* TabBar */ = {
			isa = PBXGroup;
			children = (
				014C73352CAF6869007DC80C /* TabBarController.swift */,
			);
			path = TabBar;
			sourceTree = "<group>";
		};
/* End PBXGroup section */

/* Begin PBXNativeTarget section */
		01CB9C6F2CAF522B00BD647A /* Tracker */ = {
			isa = PBXNativeTarget;
			buildConfigurationList = 01CB9C842CAF522C00BD647A /* Build configuration list for PBXNativeTarget "Tracker" */;
			buildPhases = (
				01CB9C6C2CAF522B00BD647A /* Sources */,
				01CB9C6D2CAF522B00BD647A /* Frameworks */,
				01CB9C6E2CAF522B00BD647A /* Resources */,
			);
			buildRules = (
			);
			dependencies = (
			);
			name = Tracker;
			productName = Tracker;
			productReference = 01CB9C702CAF522B00BD647A /* Tracker.app */;
			productType = "com.apple.product-type.application";
		};
/* End PBXNativeTarget section */

/* Begin PBXProject section */
		01CB9C682CAF522B00BD647A /* Project object */ = {
			isa = PBXProject;
			attributes = {
				BuildIndependentTargetsInParallel = 1;
				LastSwiftUpdateCheck = 1540;
				LastUpgradeCheck = 1540;
				TargetAttributes = {
					01CB9C6F2CAF522B00BD647A = {
						CreatedOnToolsVersion = 15.4;
					};
				};
			};
			buildConfigurationList = 01CB9C6B2CAF522B00BD647A /* Build configuration list for PBXProject "Tracker" */;
			compatibilityVersion = "Xcode 14.0";
			developmentRegion = en;
			hasScannedForEncodings = 0;
			knownRegions = (
				en,
				Base,
			);
			mainGroup = 01CB9C672CAF522B00BD647A;
			productRefGroup = 01CB9C712CAF522B00BD647A /* Products */;
			projectDirPath = "";
			projectRoot = "";
			targets = (
				01CB9C6F2CAF522B00BD647A /* Tracker */,
			);
		};
/* End PBXProject section */

/* Begin PBXResourcesBuildPhase section */
		01CB9C6E2CAF522B00BD647A /* Resources */ = {
			isa = PBXResourcesBuildPhase;
			buildActionMask = 2147483647;
			files = (
				01CB9C7D2CAF522C00BD647A /* Assets.xcassets in Resources */,
				01CB9C802CAF522C00BD647A /* Base in Resources */,
			);
			runOnlyForDeploymentPostprocessing = 0;
		};
/* End PBXResourcesBuildPhase section */

/* Begin PBXSourcesBuildPhase section */
		01CB9C6C2CAF522B00BD647A /* Sources */ = {
			isa = PBXSourcesBuildPhase;
			buildActionMask = 2147483647;
			files = (
				01C0F8FE2CEA328000020CA1 /* DateConverter.swift in Sources */,
				013C22462CC9D5730047EF9B /* TrackersCell.swift in Sources */,
				014C73342CAF6716007DC80C /* StatisticsViewController.swift in Sources */,
				0155AD692CE6666D00E3D259 /* UIColorMarshalling.swift in Sources */,
				013C22582CD189B10047EF9B /* ApplyCornerRadius.swift in Sources */,
				013C224A2CD05FC90047EF9B /* AddTrackerViewController.swift in Sources */,
				0155AD632CE665B800E3D259 /* TrackerCategoryStore.swift in Sources */,
				013C22502CD141C10047EF9B /* ScheduleViewController.swift in Sources */,
				0144C5332CDD05DE00C97E72 /* Model.xcdatamodeld in Sources */,
				013C224D2CD10C6A0047EF9B /* NewTrackerVC.swift in Sources */,
				0167319B2CDACDC6009E040A /* EmojiCell.swift in Sources */,
				01CB9C742CAF522B00BD647A /* AppDelegate.swift in Sources */,
				013C225F2CD18ECA0047EF9B /* LinkCell.swift in Sources */,
				015A82372CBF227F00A6B822 /* TrackerCategory.swift in Sources */,
				016731992CDA69AC009E040A /* ColorCell.swift in Sources */,
				013C22522CD15EB70047EF9B /* ActionButton.swift in Sources */,
				0155AD652CE665CB00E3D259 /* TrackerStore.swift in Sources */,
				0167319F2CDAD8A7009E040A /* SectionHeader.swift in Sources */,
				015A823C2CBF23EE00A6B822 /* Weekday.swift in Sources */,
				013C225D2CD18EB60047EF9B /* TextCell.swift in Sources */,
				013C22442CC9D0E40047EF9B /* GeometricParams.swift in Sources */,
				0155AD6B2CE7F66600E3D259 /* WeekdayConverter.swift in Sources */,
				014C73362CAF6869007DC80C /* TabBarController.swift in Sources */,
				01A840402CBD16C100F45ACC /* EmptyStateView.swift in Sources */,
				0155AD672CE665DB00E3D259 /* TrackerRecordStore.swift in Sources */,
				015A82392CBF229300A6B822 /* TrackerRecord.swift in Sources */,
				0167319D2CDACE98009E040A /* ProtocolSelectableCell.swift in Sources */,
				013C225A2CD18CDC0047EF9B /* AddSeparator.swift in Sources */,
				013C22482CD056390047EF9B /* TrackerCategoryHeader.swift in Sources */,
				014C73322CAF66F2007DC80C /* TrackersViewController.swift in Sources */,
				013C22562CD175EB0047EF9B /* ScheduleCell.swift in Sources */,
				01CB9C762CAF522B00BD647A /* SceneDelegate.swift in Sources */,
				0144C5362CDD062F00C97E72 /* CoreDataManager.swift in Sources */,
				015A82342CBF226400A6B822 /* Tracker.swift in Sources */,
			);
			runOnlyForDeploymentPostprocessing = 0;
		};
/* End PBXSourcesBuildPhase section */

/* Begin PBXVariantGroup section */
		01CB9C7E2CAF522C00BD647A /* LaunchScreen.storyboard */ = {
			isa = PBXVariantGroup;
			children = (
				01CB9C7F2CAF522C00BD647A /* Base */,
			);
			name = LaunchScreen.storyboard;
			sourceTree = "<group>";
		};
/* End PBXVariantGroup section */

/* Begin XCBuildConfiguration section */
		01CB9C822CAF522C00BD647A /* Debug */ = {
			isa = XCBuildConfiguration;
			buildSettings = {
				ALWAYS_SEARCH_USER_PATHS = NO;
				ASSETCATALOG_COMPILER_GENERATE_SWIFT_ASSET_SYMBOL_EXTENSIONS = YES;
				CLANG_ANALYZER_NONNULL = YES;
				CLANG_ANALYZER_NUMBER_OBJECT_CONVERSION = YES_AGGRESSIVE;
				CLANG_CXX_LANGUAGE_STANDARD = "gnu++20";
				CLANG_ENABLE_MODULES = YES;
				CLANG_ENABLE_OBJC_ARC = YES;
				CLANG_ENABLE_OBJC_WEAK = YES;
				CLANG_WARN_BLOCK_CAPTURE_AUTORELEASING = YES;
				CLANG_WARN_BOOL_CONVERSION = YES;
				CLANG_WARN_COMMA = YES;
				CLANG_WARN_CONSTANT_CONVERSION = YES;
				CLANG_WARN_DEPRECATED_OBJC_IMPLEMENTATIONS = YES;
				CLANG_WARN_DIRECT_OBJC_ISA_USAGE = YES_ERROR;
				CLANG_WARN_DOCUMENTATION_COMMENTS = YES;
				CLANG_WARN_EMPTY_BODY = YES;
				CLANG_WARN_ENUM_CONVERSION = YES;
				CLANG_WARN_INFINITE_RECURSION = YES;
				CLANG_WARN_INT_CONVERSION = YES;
				CLANG_WARN_NON_LITERAL_NULL_CONVERSION = YES;
				CLANG_WARN_OBJC_IMPLICIT_RETAIN_SELF = YES;
				CLANG_WARN_OBJC_LITERAL_CONVERSION = YES;
				CLANG_WARN_OBJC_ROOT_CLASS = YES_ERROR;
				CLANG_WARN_QUOTED_INCLUDE_IN_FRAMEWORK_HEADER = YES;
				CLANG_WARN_RANGE_LOOP_ANALYSIS = YES;
				CLANG_WARN_STRICT_PROTOTYPES = YES;
				CLANG_WARN_SUSPICIOUS_MOVE = YES;
				CLANG_WARN_UNGUARDED_AVAILABILITY = YES_AGGRESSIVE;
				CLANG_WARN_UNREACHABLE_CODE = YES;
				CLANG_WARN__DUPLICATE_METHOD_MATCH = YES;
				COPY_PHASE_STRIP = NO;
				DEBUG_INFORMATION_FORMAT = dwarf;
				ENABLE_STRICT_OBJC_MSGSEND = YES;
				ENABLE_TESTABILITY = YES;
				ENABLE_USER_SCRIPT_SANDBOXING = YES;
				GCC_C_LANGUAGE_STANDARD = gnu17;
				GCC_DYNAMIC_NO_PIC = NO;
				GCC_NO_COMMON_BLOCKS = YES;
				GCC_OPTIMIZATION_LEVEL = 0;
				GCC_PREPROCESSOR_DEFINITIONS = (
					"DEBUG=1",
					"$(inherited)",
				);
				GCC_WARN_64_TO_32_BIT_CONVERSION = YES;
				GCC_WARN_ABOUT_RETURN_TYPE = YES_ERROR;
				GCC_WARN_UNDECLARED_SELECTOR = YES;
				GCC_WARN_UNINITIALIZED_AUTOS = YES_AGGRESSIVE;
				GCC_WARN_UNUSED_FUNCTION = YES;
				GCC_WARN_UNUSED_VARIABLE = YES;
				IPHONEOS_DEPLOYMENT_TARGET = 13.4;
				LOCALIZATION_PREFERS_STRING_CATALOGS = YES;
				MTL_ENABLE_DEBUG_INFO = INCLUDE_SOURCE;
				MTL_FAST_MATH = YES;
				ONLY_ACTIVE_ARCH = YES;
				SDKROOT = iphoneos;
				SWIFT_ACTIVE_COMPILATION_CONDITIONS = "DEBUG $(inherited)";
				SWIFT_OPTIMIZATION_LEVEL = "-Onone";
			};
			name = Debug;
		};
		01CB9C832CAF522C00BD647A /* Release */ = {
			isa = XCBuildConfiguration;
			buildSettings = {
				ALWAYS_SEARCH_USER_PATHS = NO;
				ASSETCATALOG_COMPILER_GENERATE_SWIFT_ASSET_SYMBOL_EXTENSIONS = YES;
				CLANG_ANALYZER_NONNULL = YES;
				CLANG_ANALYZER_NUMBER_OBJECT_CONVERSION = YES_AGGRESSIVE;
				CLANG_CXX_LANGUAGE_STANDARD = "gnu++20";
				CLANG_ENABLE_MODULES = YES;
				CLANG_ENABLE_OBJC_ARC = YES;
				CLANG_ENABLE_OBJC_WEAK = YES;
				CLANG_WARN_BLOCK_CAPTURE_AUTORELEASING = YES;
				CLANG_WARN_BOOL_CONVERSION = YES;
				CLANG_WARN_COMMA = YES;
				CLANG_WARN_CONSTANT_CONVERSION = YES;
				CLANG_WARN_DEPRECATED_OBJC_IMPLEMENTATIONS = YES;
				CLANG_WARN_DIRECT_OBJC_ISA_USAGE = YES_ERROR;
				CLANG_WARN_DOCUMENTATION_COMMENTS = YES;
				CLANG_WARN_EMPTY_BODY = YES;
				CLANG_WARN_ENUM_CONVERSION = YES;
				CLANG_WARN_INFINITE_RECURSION = YES;
				CLANG_WARN_INT_CONVERSION = YES;
				CLANG_WARN_NON_LITERAL_NULL_CONVERSION = YES;
				CLANG_WARN_OBJC_IMPLICIT_RETAIN_SELF = YES;
				CLANG_WARN_OBJC_LITERAL_CONVERSION = YES;
				CLANG_WARN_OBJC_ROOT_CLASS = YES_ERROR;
				CLANG_WARN_QUOTED_INCLUDE_IN_FRAMEWORK_HEADER = YES;
				CLANG_WARN_RANGE_LOOP_ANALYSIS = YES;
				CLANG_WARN_STRICT_PROTOTYPES = YES;
				CLANG_WARN_SUSPICIOUS_MOVE = YES;
				CLANG_WARN_UNGUARDED_AVAILABILITY = YES_AGGRESSIVE;
				CLANG_WARN_UNREACHABLE_CODE = YES;
				CLANG_WARN__DUPLICATE_METHOD_MATCH = YES;
				COPY_PHASE_STRIP = NO;
				DEBUG_INFORMATION_FORMAT = "dwarf-with-dsym";
				ENABLE_NS_ASSERTIONS = NO;
				ENABLE_STRICT_OBJC_MSGSEND = YES;
				ENABLE_USER_SCRIPT_SANDBOXING = YES;
				GCC_C_LANGUAGE_STANDARD = gnu17;
				GCC_NO_COMMON_BLOCKS = YES;
				GCC_WARN_64_TO_32_BIT_CONVERSION = YES;
				GCC_WARN_ABOUT_RETURN_TYPE = YES_ERROR;
				GCC_WARN_UNDECLARED_SELECTOR = YES;
				GCC_WARN_UNINITIALIZED_AUTOS = YES_AGGRESSIVE;
				GCC_WARN_UNUSED_FUNCTION = YES;
				GCC_WARN_UNUSED_VARIABLE = YES;
				IPHONEOS_DEPLOYMENT_TARGET = 13.4;
				LOCALIZATION_PREFERS_STRING_CATALOGS = YES;
				MTL_ENABLE_DEBUG_INFO = NO;
				MTL_FAST_MATH = YES;
				SDKROOT = iphoneos;
				SWIFT_COMPILATION_MODE = wholemodule;
				VALIDATE_PRODUCT = YES;
			};
			name = Release;
		};
		01CB9C852CAF522C00BD647A /* Debug */ = {
			isa = XCBuildConfiguration;
			buildSettings = {
				ASSETCATALOG_COMPILER_APPICON_NAME = AppIcon;
				ASSETCATALOG_COMPILER_GLOBAL_ACCENT_COLOR_NAME = AccentColor;
				CODE_SIGN_STYLE = Automatic;
				CURRENT_PROJECT_VERSION = 1;
				DEVELOPMENT_TEAM = 7KDZ7J3JZC;
				GENERATE_INFOPLIST_FILE = YES;
				INFOPLIST_FILE = Tracker/Info.plist;
				INFOPLIST_KEY_UIApplicationSupportsIndirectInputEvents = YES;
				INFOPLIST_KEY_UILaunchStoryboardName = LaunchScreen;
				INFOPLIST_KEY_UISupportedInterfaceOrientations = UIInterfaceOrientationPortrait;
				INFOPLIST_KEY_UISupportedInterfaceOrientations_iPad = "UIInterfaceOrientationLandscapeLeft UIInterfaceOrientationLandscapeRight UIInterfaceOrientationPortrait UIInterfaceOrientationPortraitUpsideDown";
				IPHONEOS_DEPLOYMENT_TARGET = 13.4;
				LD_RUNPATH_SEARCH_PATHS = (
					"$(inherited)",
					"@executable_path/Frameworks",
				);
				MARKETING_VERSION = 1.0;
				PRODUCT_BUNDLE_IDENTIFIER = ru.goldensnake.Tracker;
				PRODUCT_NAME = "$(TARGET_NAME)";
				SUPPORTED_PLATFORMS = "iphoneos iphonesimulator";
				SUPPORTS_MACCATALYST = NO;
				SUPPORTS_MAC_DESIGNED_FOR_IPHONE_IPAD = NO;
				SUPPORTS_XR_DESIGNED_FOR_IPHONE_IPAD = NO;
				SWIFT_EMIT_LOC_STRINGS = YES;
				SWIFT_VERSION = 5.0;
				TARGETED_DEVICE_FAMILY = 1;
			};
			name = Debug;
		};
		01CB9C862CAF522C00BD647A /* Release */ = {
			isa = XCBuildConfiguration;
			buildSettings = {
				ASSETCATALOG_COMPILER_APPICON_NAME = AppIcon;
				ASSETCATALOG_COMPILER_GLOBAL_ACCENT_COLOR_NAME = AccentColor;
				CODE_SIGN_STYLE = Automatic;
				CURRENT_PROJECT_VERSION = 1;
				DEVELOPMENT_TEAM = 7KDZ7J3JZC;
				GENERATE_INFOPLIST_FILE = YES;
				INFOPLIST_FILE = Tracker/Info.plist;
				INFOPLIST_KEY_UIApplicationSupportsIndirectInputEvents = YES;
				INFOPLIST_KEY_UILaunchStoryboardName = LaunchScreen;
				INFOPLIST_KEY_UISupportedInterfaceOrientations = UIInterfaceOrientationPortrait;
				INFOPLIST_KEY_UISupportedInterfaceOrientations_iPad = "UIInterfaceOrientationLandscapeLeft UIInterfaceOrientationLandscapeRight UIInterfaceOrientationPortrait UIInterfaceOrientationPortraitUpsideDown";
				IPHONEOS_DEPLOYMENT_TARGET = 13.4;
				LD_RUNPATH_SEARCH_PATHS = (
					"$(inherited)",
					"@executable_path/Frameworks",
				);
				MARKETING_VERSION = 1.0;
				PRODUCT_BUNDLE_IDENTIFIER = ru.goldensnake.Tracker;
				PRODUCT_NAME = "$(TARGET_NAME)";
				SUPPORTED_PLATFORMS = "iphoneos iphonesimulator";
				SUPPORTS_MACCATALYST = NO;
				SUPPORTS_MAC_DESIGNED_FOR_IPHONE_IPAD = NO;
				SUPPORTS_XR_DESIGNED_FOR_IPHONE_IPAD = NO;
				SWIFT_EMIT_LOC_STRINGS = YES;
				SWIFT_VERSION = 5.0;
				TARGETED_DEVICE_FAMILY = 1;
			};
			name = Release;
		};
/* End XCBuildConfiguration section */

/* Begin XCConfigurationList section */
		01CB9C6B2CAF522B00BD647A /* Build configuration list for PBXProject "Tracker" */ = {
			isa = XCConfigurationList;
			buildConfigurations = (
				01CB9C822CAF522C00BD647A /* Debug */,
				01CB9C832CAF522C00BD647A /* Release */,
			);
			defaultConfigurationIsVisible = 0;
			defaultConfigurationName = Release;
		};
		01CB9C842CAF522C00BD647A /* Build configuration list for PBXNativeTarget "Tracker" */ = {
			isa = XCConfigurationList;
			buildConfigurations = (
				01CB9C852CAF522C00BD647A /* Debug */,
				01CB9C862CAF522C00BD647A /* Release */,
			);
			defaultConfigurationIsVisible = 0;
			defaultConfigurationName = Release;
		};
/* End XCConfigurationList section */

/* Begin XCVersionGroup section */
		0144C5312CDD05DE00C97E72 /* Model.xcdatamodeld */ = {
			isa = XCVersionGroup;
			children = (
				0144C5322CDD05DE00C97E72 /* Model.xcdatamodel */,
			);
			currentVersion = 0144C5322CDD05DE00C97E72 /* Model.xcdatamodel */;
			path = Model.xcdatamodeld;
			sourceTree = "<group>";
			versionGroupType = wrapper.xcdatamodel;
		};
/* End XCVersionGroup section */
	};
	rootObject = 01CB9C682CAF522B00BD647A /* Project object */;
}
